// !$*UTF8*$!
{
	archiveVersion = 1;
	classes = {
	};
	objectVersion = 46;
	objects = {

/* Begin PBXBuildFile section */
		3B6A0CB41C9084DB00EE8082 /* AppDelegate.swift in Sources */ = {isa = PBXBuildFile; fileRef = 3B6A0CB31C9084DB00EE8082 /* AppDelegate.swift */; };
		3B6A0CB61C9084DB00EE8082 /* ViewController.swift in Sources */ = {isa = PBXBuildFile; fileRef = 3B6A0CB51C9084DB00EE8082 /* ViewController.swift */; };
		3B6A0CB91C9084DB00EE8082 /* Main.storyboard in Resources */ = {isa = PBXBuildFile; fileRef = 3B6A0CB71C9084DB00EE8082 /* Main.storyboard */; };
		3B6A0CBB1C9084DB00EE8082 /* Assets.xcassets in Resources */ = {isa = PBXBuildFile; fileRef = 3B6A0CBA1C9084DB00EE8082 /* Assets.xcassets */; };
		3B6A0CBE1C9084DB00EE8082 /* LaunchScreen.storyboard in Resources */ = {isa = PBXBuildFile; fileRef = 3B6A0CBC1C9084DB00EE8082 /* LaunchScreen.storyboard */; };
		3B6A0CC91C9084DC00EE8082 /* SoundsDemoTests.swift in Sources */ = {isa = PBXBuildFile; fileRef = 3B6A0CC81C9084DC00EE8082 /* SoundsDemoTests.swift */; };
		3B6A0CD41C9084DC00EE8082 /* SoundsDemoUITests.swift in Sources */ = {isa = PBXBuildFile; fileRef = 3B6A0CD31C9084DC00EE8082 /* SoundsDemoUITests.swift */; };
/* End PBXBuildFile section */

/* Begin PBXContainerItemProxy section */
		3B6A0CC51C9084DC00EE8082 /* PBXContainerItemProxy */ = {
			isa = PBXContainerItemProxy;
			containerPortal = 3B6A0CA81C9084DB00EE8082 /* Project object */;
			proxyType = 1;
			remoteGlobalIDString = 3B6A0CAF1C9084DB00EE8082;
			remoteInfo = SoundsDemo;
		};
		3B6A0CD01C9084DC00EE8082 /* PBXContainerItemProxy */ = {
			isa = PBXContainerItemProxy;
			containerPortal = 3B6A0CA81C9084DB00EE8082 /* Project object */;
			proxyType = 1;
			remoteGlobalIDString = 3B6A0CAF1C9084DB00EE8082;
			remoteInfo = SoundsDemo;
		};
/* End PBXContainerItemProxy section */

/* Begin PBXFileReference section */
		3B6A0CB01C9084DB00EE8082 /* SoundsDemo.app */ = {isa = PBXFileReference; explicitFileType = wrapper.application; includeInIndex = 0; path = SoundsDemo.app; sourceTree = BUILT_PRODUCTS_DIR; };
		3B6A0CB31C9084DB00EE8082 /* AppDelegate.swift */ = {isa = PBXFileReference; lastKnownFileType = sourcecode.swift; path = AppDelegate.swift; sourceTree = "<group>"; };
		3B6A0CB51C9084DB00EE8082 /* ViewController.swift */ = {isa = PBXFileReference; lastKnownFileType = sourcecode.swift; path = ViewController.swift; sourceTree = "<group>"; };
		3B6A0CB81C9084DB00EE8082 /* Base */ = {isa = PBXFileReference; lastKnownFileType = file.storyboard; name = Base; path = Base.lproj/Main.storyboard; sourceTree = "<group>"; };
		3B6A0CBA1C9084DB00EE8082 /* Assets.xcassets */ = {isa = PBXFileReference; lastKnownFileType = folder.assetcatalog; path = Assets.xcassets; sourceTree = "<group>"; };
		3B6A0CBD1C9084DB00EE8082 /* Base */ = {isa = PBXFileReference; lastKnownFileType = file.storyboard; name = Base; path = Base.lproj/LaunchScreen.storyboard; sourceTree = "<group>"; };
		3B6A0CBF1C9084DB00EE8082 /* Info.plist */ = {isa = PBXFileReference; lastKnownFileType = text.plist.xml; path = Info.plist; sourceTree = "<group>"; };
		3B6A0CC41C9084DC00EE8082 /* SoundsDemoTests.xctest */ = {isa = PBXFileReference; explicitFileType = wrapper.cfbundle; includeInIndex = 0; path = SoundsDemoTests.xctest; sourceTree = BUILT_PRODUCTS_DIR; };
		3B6A0CC81C9084DC00EE8082 /* SoundsDemoTests.swift */ = {isa = PBXFileReference; lastKnownFileType = sourcecode.swift; path = SoundsDemoTests.swift; sourceTree = "<group>"; };
		3B6A0CCA1C9084DC00EE8082 /* Info.plist */ = {isa = PBXFileReference; lastKnownFileType = text.plist.xml; path = Info.plist; sourceTree = "<group>"; };
		3B6A0CCF1C9084DC00EE8082 /* SoundsDemoUITests.xctest */ = {isa = PBXFileReference; explicitFileType = wrapper.cfbundle; includeInIndex = 0; path = SoundsDemoUITests.xctest; sourceTree = BUILT_PRODUCTS_DIR; };
		3B6A0CD31C9084DC00EE8082 /* SoundsDemoUITests.swift */ = {isa = PBXFileReference; lastKnownFileType = sourcecode.swift; path = SoundsDemoUITests.swift; sourceTree = "<group>"; };
		3B6A0CD51C9084DC00EE8082 /* Info.plist */ = {isa = PBXFileReference; lastKnownFileType = text.plist.xml; path = Info.plist; sourceTree = "<group>"; };
/* End PBXFileReference section */

/* Begin PBXFrameworksBuildPhase section */
		3B6A0CAD1C9084DB00EE8082 /* Frameworks */ = {
			isa = PBXFrameworksBuildPhase;
			buildActionMask = 2147483647;
			files = (
			);
			runOnlyForDeploymentPostprocessing = 0;
		};
		3B6A0CC11C9084DC00EE8082 /* Frameworks */ = {
			isa = PBXFrameworksBuildPhase;
			buildActionMask = 2147483647;
			files = (
			);
			runOnlyForDeploymentPostprocessing = 0;
		};
		3B6A0CCC1C9084DC00EE8082 /* Frameworks */ = {
			isa = PBXFrameworksBuildPhase;
			buildActionMask = 2147483647;
			files = (
			);
			runOnlyForDeploymentPostprocessing = 0;
		};
/* End PBXFrameworksBuildPhase section */

/* Begin PBXGroup section */
		3B6A0CA71C9084DB00EE8082 = {
			isa = PBXGroup;
			children = (
				3B6A0CB21C9084DB00EE8082 /* SoundsDemo */,
				3B6A0CC71C9084DC00EE8082 /* SoundsDemoTests */,
				3B6A0CD21C9084DC00EE8082 /* SoundsDemoUITests */,
				3B6A0CB11C9084DB00EE8082 /* Products */,
			);
			sourceTree = "<group>";
		};
		3B6A0CB11C9084DB00EE8082 /* Products */ = {
			isa = PBXGroup;
			children = (
				3B6A0CB01C9084DB00EE8082 /* SoundsDemo.app */,
				3B6A0CC41C9084DC00EE8082 /* SoundsDemoTests.xctest */,
				3B6A0CCF1C9084DC00EE8082 /* SoundsDemoUITests.xctest */,
			);
			name = Products;
			sourceTree = "<group>";
		};
		3B6A0CB21C9084DB00EE8082 /* SoundsDemo */ = {
			isa = PBXGroup;
			children = (
				3B6A0CB31C9084DB00EE8082 /* AppDelegate.swift */,
				3B6A0CB51C9084DB00EE8082 /* ViewController.swift */,
				3B6A0CB71C9084DB00EE8082 /* Main.storyboard */,
				3B6A0CBA1C9084DB00EE8082 /* Assets.xcassets */,
				3B6A0CBC1C9084DB00EE8082 /* LaunchScreen.storyboard */,
				3B6A0CBF1C9084DB00EE8082 /* Info.plist */,
			);
			path = SoundsDemo;
			sourceTree = "<group>";
		};
		3B6A0CC71C9084DC00EE8082 /* SoundsDemoTests */ = {
			isa = PBXGroup;
			children = (
				3B6A0CC81C9084DC00EE8082 /* SoundsDemoTests.swift */,
				3B6A0CCA1C9084DC00EE8082 /* Info.plist */,
			);
			path = SoundsDemoTests;
			sourceTree = "<group>";
		};
		3B6A0CD21C9084DC00EE8082 /* SoundsDemoUITests */ = {
			isa = PBXGroup;
			children = (
				3B6A0CD31C9084DC00EE8082 /* SoundsDemoUITests.swift */,
				3B6A0CD51C9084DC00EE8082 /* Info.plist */,
			);
			path = SoundsDemoUITests;
			sourceTree = "<group>";
		};
/* End PBXGroup section */

/* Begin PBXNativeTarget section */
		3B6A0CAF1C9084DB00EE8082 /* SoundsDemo */ = {
			isa = PBXNativeTarget;
			buildConfigurationList = 3B6A0CD81C9084DC00EE8082 /* Build configuration list for PBXNativeTarget "SoundsDemo" */;
			buildPhases = (
				3B6A0CAC1C9084DB00EE8082 /* Sources */,
				3B6A0CAD1C9084DB00EE8082 /* Frameworks */,
				3B6A0CAE1C9084DB00EE8082 /* Resources */,
			);
			buildRules = (
			);
			dependencies = (
			);
			name = SoundsDemo;
			productName = SoundsDemo;
			productReference = 3B6A0CB01C9084DB00EE8082 /* SoundsDemo.app */;
			productType = "com.apple.product-type.application";
		};
		3B6A0CC31C9084DC00EE8082 /* SoundsDemoTests */ = {
			isa = PBXNativeTarget;
			buildConfigurationList = 3B6A0CDB1C9084DC00EE8082 /* Build configuration list for PBXNativeTarget "SoundsDemoTests" */;
			buildPhases = (
				3B6A0CC01C9084DC00EE8082 /* Sources */,
				3B6A0CC11C9084DC00EE8082 /* Frameworks */,
				3B6A0CC21C9084DC00EE8082 /* Resources */,
			);
			buildRules = (
			);
			dependencies = (
				3B6A0CC61C9084DC00EE8082 /* PBXTargetDependency */,
			);
			name = SoundsDemoTests;
			productName = SoundsDemoTests;
			productReference = 3B6A0CC41C9084DC00EE8082 /* SoundsDemoTests.xctest */;
			productType = "com.apple.product-type.bundle.unit-test";
		};
		3B6A0CCE1C9084DC00EE8082 /* SoundsDemoUITests */ = {
			isa = PBXNativeTarget;
			buildConfigurationList = 3B6A0CDE1C9084DC00EE8082 /* Build configuration list for PBXNativeTarget "SoundsDemoUITests" */;
			buildPhases = (
				3B6A0CCB1C9084DC00EE8082 /* Sources */,
				3B6A0CCC1C9084DC00EE8082 /* Frameworks */,
				3B6A0CCD1C9084DC00EE8082 /* Resources */,
			);
			buildRules = (
			);
			dependencies = (
				3B6A0CD11C9084DC00EE8082 /* PBXTargetDependency */,
			);
			name = SoundsDemoUITests;
			productName = SoundsDemoUITests;
			productReference = 3B6A0CCF1C9084DC00EE8082 /* SoundsDemoUITests.xctest */;
			productType = "com.apple.product-type.bundle.ui-testing";
		};
/* End PBXNativeTarget section */

/* Begin PBXProject section */
		3B6A0CA81C9084DB00EE8082 /* Project object */ = {
			isa = PBXProject;
			attributes = {
				LastSwiftUpdateCheck = 0720;
				LastUpgradeCheck = 0720;
				ORGANIZATIONNAME = ccross;
				TargetAttributes = {
					3B6A0CAF1C9084DB00EE8082 = {
						CreatedOnToolsVersion = 7.2.1;
						DevelopmentTeam = C6RFE6RMEJ;
					};
					3B6A0CC31C9084DC00EE8082 = {
						CreatedOnToolsVersion = 7.2.1;
						DevelopmentTeam = C6RFE6RMEJ;
						TestTargetID = 3B6A0CAF1C9084DB00EE8082;
					};
					3B6A0CCE1C9084DC00EE8082 = {
						CreatedOnToolsVersion = 7.2.1;
						DevelopmentTeam = C6RFE6RMEJ;
						TestTargetID = 3B6A0CAF1C9084DB00EE8082;
					};
				};
			};
			buildConfigurationList = 3B6A0CAB1C9084DB00EE8082 /* Build configuration list for PBXProject "SoundsDemo" */;
			compatibilityVersion = "Xcode 3.2";
			developmentRegion = English;
			hasScannedForEncodings = 0;
			knownRegions = (
				en,
				Base,
			);
			mainGroup = 3B6A0CA71C9084DB00EE8082;
			productRefGroup = 3B6A0CB11C9084DB00EE8082 /* Products */;
			projectDirPath = "";
			projectRoot = "";
			targets = (
				3B6A0CAF1C9084DB00EE8082 /* SoundsDemo */,
				3B6A0CC31C9084DC00EE8082 /* SoundsDemoTests */,
				3B6A0CCE1C9084DC00EE8082 /* SoundsDemoUITests */,
			);
		};
/* End PBXProject section */

/* Begin PBXResourcesBuildPhase section */
		3B6A0CAE1C9084DB00EE8082 /* Resources */ = {
			isa = PBXResourcesBuildPhase;
			buildActionMask = 2147483647;
			files = (
				3B6A0CBE1C9084DB00EE8082 /* LaunchScreen.storyboard in Resources */,
				3B6A0CBB1C9084DB00EE8082 /* Assets.xcassets in Resources */,
				3B6A0CB91C9084DB00EE8082 /* Main.storyboard in Resources */,
			);
			runOnlyForDeploymentPostprocessing = 0;
		};
		3B6A0CC21C9084DC00EE8082 /* Resources */ = {
			isa = PBXResourcesBuildPhase;
			buildActionMask = 2147483647;
			files = (
			);
			runOnlyForDeploymentPostprocessing = 0;
		};
		3B6A0CCD1C9084DC00EE8082 /* Resources */ = {
			isa = PBXResourcesBuildPhase;
			buildActionMask = 2147483647;
			files = (
			);
			runOnlyForDeploymentPostprocessing = 0;
		};
/* End PBXResourcesBuildPhase section */

/* Begin PBXSourcesBuildPhase section */
		3B6A0CAC1C9084DB00EE8082 /* Sources */ = {
			isa = PBXSourcesBuildPhase;
			buildActionMask = 2147483647;
			files = (
				3B6A0CB61C9084DB00EE8082 /* ViewController.swift in Sources */,
				3B6A0CB41C9084DB00EE8082 /* AppDelegate.swift in Sources */,
			);
			runOnlyForDeploymentPostprocessing = 0;
		};
		3B6A0CC01C9084DC00EE8082 /* Sources */ = {
			isa = PBXSourcesBuildPhase;
			buildActionMask = 2147483647;
			files = (
				3B6A0CC91C9084DC00EE8082 /* SoundsDemoTests.swift in Sources */,
			);
			runOnlyForDeploymentPostprocessing = 0;
		};
		3B6A0CCB1C9084DC00EE8082 /* Sources */ = {
			isa = PBXSourcesBuildPhase;
			buildActionMask = 2147483647;
			files = (
				3B6A0CD41C9084DC00EE8082 /* SoundsDemoUITests.swift in Sources */,
			);
			runOnlyForDeploymentPostprocessing = 0;
		};
/* End PBXSourcesBuildPhase section */

/* Begin PBXTargetDependency section */
		3B6A0CC61C9084DC00EE8082 /* PBXTargetDependency */ = {
			isa = PBXTargetDependency;
			target = 3B6A0CAF1C9084DB00EE8082 /* SoundsDemo */;
			targetProxy = 3B6A0CC51C9084DC00EE8082 /* PBXContainerItemProxy */;
		};
		3B6A0CD11C9084DC00EE8082 /* PBXTargetDependency */ = {
			isa = PBXTargetDependency;
			target = 3B6A0CAF1C9084DB00EE8082 /* SoundsDemo */;
			targetProxy = 3B6A0CD01C9084DC00EE8082 /* PBXContainerItemProxy */;
		};
/* End PBXTargetDependency section */

/* Begin PBXVariantGroup section */
		3B6A0CB71C9084DB00EE8082 /* Main.storyboard */ = {
			isa = PBXVariantGroup;
			children = (
				3B6A0CB81C9084DB00EE8082 /* Base */,
			);
			name = Main.storyboard;
			sourceTree = "<group>";
		};
		3B6A0CBC1C9084DB00EE8082 /* LaunchScreen.storyboard */ = {
			isa = PBXVariantGroup;
			children = (
				3B6A0CBD1C9084DB00EE8082 /* Base */,
			);
			name = LaunchScreen.storyboard;
			sourceTree = "<group>";
		};
/* End PBXVariantGroup section */

/* Begin XCBuildConfiguration section */
		3B6A0CD61C9084DC00EE8082 /* Debug */ = {
			isa = XCBuildConfiguration;
			buildSettings = {
				ALWAYS_SEARCH_USER_PATHS = NO;
				CLANG_CXX_LANGUAGE_STANDARD = "gnu++0x";
				CLANG_CXX_LIBRARY = "libc++";
				CLANG_ENABLE_MODULES = YES;
				CLANG_ENABLE_OBJC_ARC = YES;
				CLANG_WARN_BOOL_CONVERSION = YES;
				CLANG_WARN_CONSTANT_CONVERSION = YES;
				CLANG_WARN_DIRECT_OBJC_ISA_USAGE = YES_ERROR;
				CLANG_WARN_EMPTY_BODY = YES;
				CLANG_WARN_ENUM_CONVERSION = YES;
				CLANG_WARN_INT_CONVERSION = YES;
				CLANG_WARN_OBJC_ROOT_CLASS = YES_ERROR;
				CLANG_WARN_UNREACHABLE_CODE = YES;
				CLANG_WARN__DUPLICATE_METHOD_MATCH = YES;
				"CODE_SIGN_IDENTITY[sdk=iphoneos*]" = "iPhone Developer";
				COPY_PHASE_STRIP = NO;
				DEBUG_INFORMATION_FORMAT = dwarf;
				ENABLE_STRICT_OBJC_MSGSEND = YES;
				ENABLE_TESTABILITY = YES;
				GCC_C_LANGUAGE_STANDARD = gnu99;
				GCC_DYNAMIC_NO_PIC = NO;
				GCC_NO_COMMON_BLOCKS = YES;
				GCC_OPTIMIZATION_LEVEL = 0;
				GCC_PREPROCESSOR_DEFINITIONS = (
					"DEBUG=1",
					"$(inherited)",
				);
				GCC_WARN_64_TO_32_BIT_CONVERSION = YES;
				GCC_WARN_ABOUT_RETURN_TYPE = YES_ERROR;
				GCC_WARN_UNDECLARED_SELECTOR = YES;
				GCC_WARN_UNINITIALIZED_AUTOS = YES_AGGRESSIVE;
				GCC_WARN_UNUSED_FUNCTION = YES;
				GCC_WARN_UNUSED_VARIABLE = YES;
				IPHONEOS_DEPLOYMENT_TARGET = 9.2;
				MTL_ENABLE_DEBUG_INFO = YES;
				ONLY_ACTIVE_ARCH = YES;
				SDKROOT = iphoneos;
				SWIFT_OPTIMIZATION_LEVEL = "-Onone";
				TARGETED_DEVICE_FAMILY = "1,2";
			};
			name = Debug;
		};
		3B6A0CD71C9084DC00EE8082 /* Release */ = {
			isa = XCBuildConfiguration;
			buildSettings = {
				ALWAYS_SEARCH_USER_PATHS = NO;
				CLANG_CXX_LANGUAGE_STANDARD = "gnu++0x";
				CLANG_CXX_LIBRARY = "libc++";
				CLANG_ENABLE_MODULES = YES;
				CLANG_ENABLE_OBJC_ARC = YES;
				CLANG_WARN_BOOL_CONVERSION = YES;
				CLANG_WARN_CONSTANT_CONVERSION = YES;
				CLANG_WARN_DIRECT_OBJC_ISA_USAGE = YES_ERROR;
				CLANG_WARN_EMPTY_BODY = YES;
				CLANG_WARN_ENUM_CONVERSION = YES;
				CLANG_WARN_INT_CONVERSION = YES;
				CLANG_WARN_OBJC_ROOT_CLASS = YES_ERROR;
				CLANG_WARN_UNREACHABLE_CODE = YES;
				CLANG_WARN__DUPLICATE_METHOD_MATCH = YES;
				"CODE_SIGN_IDENTITY[sdk=iphoneos*]" = "iPhone Developer";
				COPY_PHASE_STRIP = NO;
				DEBUG_INFORMATION_FORMAT = "dwarf-with-dsym";
				ENABLE_NS_ASSERTIONS = NO;
				ENABLE_STRICT_OBJC_MSGSEND = YES;
				GCC_C_LANGUAGE_STANDARD = gnu99;
				GCC_NO_COMMON_BLOCKS = YES;
				GCC_WARN_64_TO_32_BIT_CONVERSION = YES;
				GCC_WARN_ABOUT_RETURN_TYPE = YES_ERROR;
				GCC_WARN_UNDECLARED_SELECTOR = YES;
				GCC_WARN_UNINITIALIZED_AUTOS = YES_AGGRESSIVE;
				GCC_WARN_UNUSED_FUNCTION = YES;
				GCC_WARN_UNUSED_VARIABLE = YES;
				IPHONEOS_DEPLOYMENT_TARGET = 9.2;
				MTL_ENABLE_DEBUG_INFO = NO;
				SDKROOT = iphoneos;
				TARGETED_DEVICE_FAMILY = "1,2";
				VALIDATE_PRODUCT = YES;
			};
			name = Release;
		};
		3B6A0CD91C9084DC00EE8082 /* Debug */ = {
			isa = XCBuildConfiguration;
			buildSettings = {
				ASSETCATALOG_COMPILER_APPICON_NAME = AppIcon;
				INFOPLIST_FILE = SoundsDemo/Info.plist;
				LD_RUNPATH_SEARCH_PATHS = "$(inherited) @executable_path/Frameworks";
				PRODUCT_BUNDLE_IDENTIFIER = ccross.SoundsDemo;
				PRODUCT_NAME = "$(TARGET_NAME)";
			};
			name = Debug;
		};
		3B6A0CDA1C9084DC00EE8082 /* Release */ = {
			isa = XCBuildConfiguration;
			buildSettings = {
				ASSETCATALOG_COMPILER_APPICON_NAME = AppIcon;
				INFOPLIST_FILE = SoundsDemo/Info.plist;
				LD_RUNPATH_SEARCH_PATHS = "$(inherited) @executable_path/Frameworks";
				PRODUCT_BUNDLE_IDENTIFIER = ccross.SoundsDemo;
				PRODUCT_NAME = "$(TARGET_NAME)";
			};
			name = Release;
		};
		3B6A0CDC1C9084DC00EE8082 /* Debug */ = {
			isa = XCBuildConfiguration;
			buildSettings = {
				BUNDLE_LOADER = "$(TEST_HOST)";
				INFOPLIST_FILE = SoundsDemoTests/Info.plist;
				LD_RUNPATH_SEARCH_PATHS = "$(inherited) @executable_path/Frameworks @loader_path/Frameworks";
				PRODUCT_BUNDLE_IDENTIFIER = ccross.SoundsDemoTests;
				PRODUCT_NAME = "$(TARGET_NAME)";
				TEST_HOST = "$(BUILT_PRODUCTS_DIR)/SoundsDemo.app/SoundsDemo";
			};
			name = Debug;
		};
		3B6A0CDD1C9084DC00EE8082 /* Release */ = {
			isa = XCBuildConfiguration;
			buildSettings = {
				BUNDLE_LOADER = "$(TEST_HOST)";
				INFOPLIST_FILE = SoundsDemoTests/Info.plist;
				LD_RUNPATH_SEARCH_PATHS = "$(inherited) @executable_path/Frameworks @loader_path/Frameworks";
				PRODUCT_BUNDLE_IDENTIFIER = ccross.SoundsDemoTests;
				PRODUCT_NAME = "$(TARGET_NAME)";
				TEST_HOST = "$(BUILT_PRODUCTS_DIR)/SoundsDemo.app/SoundsDemo";
			};
			name = Release;
		};
		3B6A0CDF1C9084DC00EE8082 /* Debug */ = {
			isa = XCBuildConfiguration;
			buildSettings = {
				INFOPLIST_FILE = SoundsDemoUITests/Info.plist;
				LD_RUNPATH_SEARCH_PATHS = "$(inherited) @executable_path/Frameworks @loader_path/Frameworks";
				PRODUCT_BUNDLE_IDENTIFIER = ccross.SoundsDemoUITests;
				PRODUCT_NAME = "$(TARGET_NAME)";
				TEST_TARGET_NAME = SoundsDemo;
				USES_XCTRUNNER = YES;
			};
			name = Debug;
		};
		3B6A0CE01C9084DC00EE8082 /* Release */ = {
			isa = XCBuildConfiguration;
			buildSettings = {
				INFOPLIST_FILE = SoundsDemoUITests/Info.plist;
				LD_RUNPATH_SEARCH_PATHS = "$(inherited) @executable_path/Frameworks @loader_path/Frameworks";
				PRODUCT_BUNDLE_IDENTIFIER = ccross.SoundsDemoUITests;
				PRODUCT_NAME = "$(TARGET_NAME)";
				TEST_TARGET_NAME = SoundsDemo;
				USES_XCTRUNNER = YES;
			};
			name = Release;
		};
/* End XCBuildConfiguration section */

/* Begin XCConfigurationList section */
		3B6A0CAB1C9084DB00EE8082 /* Build configuration list for PBXProject "SoundsDemo" */ = {
			isa = XCConfigurationList;
			buildConfigurations = (
				3B6A0CD61C9084DC00EE8082 /* Debug */,
				3B6A0CD71C9084DC00EE8082 /* Release */,
			);
			defaultConfigurationIsVisible = 0;
			defaultConfigurationName = Release;
		};
		3B6A0CD81C9084DC00EE8082 /* Build configuration list for PBXNativeTarget "SoundsDemo" */ = {
			isa = XCConfigurationList;
			buildConfigurations = (
				3B6A0CD91C9084DC00EE8082 /* Debug */,
				3B6A0CDA1C9084DC00EE8082 /* Release */,
			);
			defaultConfigurationIsVisible = 0;
		};
		3B6A0CDB1C9084DC00EE8082 /* Build configuration list for PBXNativeTarget "SoundsDemoTests" */ = {
			isa = XCConfigurationList;
			buildConfigurations = (
				3B6A0CDC1C9084DC00EE8082 /* Debug */,
				3B6A0CDD1C9084DC00EE8082 /* Release */,
			);
			defaultConfigurationIsVisible = 0;
		};
		3B6A0CDE1C9084DC00EE8082 /* Build configuration list for PBXNativeTarget "SoundsDemoUITests" */ = {
			isa = XCConfigurationList;
			buildConfigurations = (
				3B6A0CDF1C9084DC00EE8082 /* Debug */,
				3B6A0CE01C9084DC00EE8082 /* Release */,
			);
			defaultConfigurationIsVisible = 0;
		};
/* End XCConfigurationList section */
	};
	rootObject = 3B6A0CA81C9084DB00EE8082 /* Project object */;
}
